
Microsoft Visual Studio Solution File, Format Version 12.00
# Visual Studio Version 16
VisualStudioVersion = 16.0.29411.108
MinimumVisualStudioVersion = 10.0.40219.1
Project("{FAE04EC0-301F-11D3-BF4B-00C04F79EFBC}") = "Operations", "Operations\Operations.csproj", "{38BB92FF-7B35-4C4C-9EC2-3F00C15A0C20}"
EndProject
Project("{FAE04EC0-301F-11D3-BF4B-00C04F79EFBC}") = "Animals", "Animals\Animals.csproj", "{14B216E2-9866-4969-8E10-CB0ED6BDAB60}"
EndProject
Global
	GlobalSection(SolutionConfigurationPlatforms) = preSolution
		Debug|Any CPU = Debug|Any CPU
		Release|Any CPU = Release|Any CPU
	EndGlobalSection
	GlobalSection(ProjectConfigurationPlatforms) = postSolution
		{38BB92FF-7B35-4C4C-9EC2-3F00C15A0C20}.Debug|Any CPU.ActiveCfg = Debug|Any CPU
		{38BB92FF-7B35-4C4C-9EC2-3F00C15A0C20}.Debug|Any CPU.Build.0 = Debug|Any CPU
		{38BB92FF-7B35-4C4C-9EC2-3F00C15A0C20}.Release|Any CPU.ActiveCfg = Release|Any CPU
		{38BB92FF-7B35-4C4C-9EC2-3F00C15A0C20}.Release|Any CPU.Build.0 = Release|Any CPU
		{14B216E2-9866-4969-8E10-CB0ED6BDAB60}.Debug|Any CPU.ActiveCfg = Debug|Any CPU
		{14B216E2-9866-4969-8E10-CB0ED6BDAB60}.Debug|Any CPU.Build.0 = Debug|Any CPU
		{14B216E2-9866-4969-8E10-CB0ED6BDAB60}.Release|Any CPU.ActiveCfg = Release|Any CPU
		{14B216E2-9866-4969-8E10-CB0ED6BDAB60}.Release|Any CPU.Build.0 = Release|Any CPU
	EndGlobalSection
	GlobalSection(SolutionProperties) = preSolution
		HideSolutionNode = FALSE
	EndGlobalSection
	GlobalSection(ExtensibilityGlobals) = postSolution
		SolutionGuid = {C8ED531F-81E9-441C-9019-8CD7871D7690}
	EndGlobalSection
EndGlobal
