
Microsoft Visual Studio Solution File, Format Version 12.00
# Visual Studio Version 16
VisualStudioVersion = 16.0.29411.108
MinimumVisualStudioVersion = 10.0.40219.1
Project("{9A19103F-16F7-4668-BE54-9A1E7A4F7556}") = "Shapes", "Shapes.csproj", "{EAF5F2AC-EABB-4573-8994-A980DAD02FE1}"
EndProject
Global
	GlobalSection(SolutionConfigurationPlatforms) = preSolution
		Debug|Any CPU = Debug|Any CPU
		Release|Any CPU = Release|Any CPU
	EndGlobalSection
	GlobalSection(ProjectConfigurationPlatforms) = postSolution
		{EAF5F2AC-EABB-4573-8994-A980DAD02FE1}.Debug|Any CPU.ActiveCfg = Debug|Any CPU
		{EAF5F2AC-EABB-4573-8994-A980DAD02FE1}.Debug|Any CPU.Build.0 = Debug|Any CPU
		{EAF5F2AC-EABB-4573-8994-A980DAD02FE1}.Release|Any CPU.ActiveCfg = Release|Any CPU
		{EAF5F2AC-EABB-4573-8994-A980DAD02FE1}.Release|Any CPU.Build.0 = Release|Any CPU
	EndGlobalSection
	GlobalSection(SolutionProperties) = preSolution
		HideSolutionNode = FALSE
	EndGlobalSection
	GlobalSection(ExtensibilityGlobals) = postSolution
		SolutionGuid = {1C1E0B80-E269-436C-AE7C-62EECF9CD51D}
	EndGlobalSection
EndGlobal
