
Microsoft Visual Studio Solution File, Format Version 12.00
# Visual Studio Version 16
VisualStudioVersion = 16.0.29519.181
MinimumVisualStudioVersion = 10.0.40219.1
Project("{9A19103F-16F7-4668-BE54-9A1E7A4F7556}") = "VilainNames", "VilainNames.csproj", "{B1FE9645-0579-43C9-AD7B-7DAE46C920EA}"
EndProject
Project("{9A19103F-16F7-4668-BE54-9A1E7A4F7556}") = "MinionNames", "..\MinionNames\MinionNames.csproj", "{777CEDF3-2147-42FB-B532-8A54D86CBCA6}"
EndProject
Project("{FAE04EC0-301F-11D3-BF4B-00C04F79EFBC}") = "AddMinion", "..\AddMinion\AddMinion.csproj", "{6688FF4B-D4C7-46CA-9873-6DEB49E1FE1A}"
EndProject
Project("{FAE04EC0-301F-11D3-BF4B-00C04F79EFBC}") = "ChangeTownNameCasing", "..\ChangeTownNameCasing\ChangeTownNameCasing.csproj", "{73F50431-40DF-488D-9BB2-91830A85D886}"
EndProject
Global
	GlobalSection(SolutionConfigurationPlatforms) = preSolution
		Debug|Any CPU = Debug|Any CPU
		Release|Any CPU = Release|Any CPU
	EndGlobalSection
	GlobalSection(ProjectConfigurationPlatforms) = postSolution
		{B1FE9645-0579-43C9-AD7B-7DAE46C920EA}.Debug|Any CPU.ActiveCfg = Debug|Any CPU
		{B1FE9645-0579-43C9-AD7B-7DAE46C920EA}.Debug|Any CPU.Build.0 = Debug|Any CPU
		{B1FE9645-0579-43C9-AD7B-7DAE46C920EA}.Release|Any CPU.ActiveCfg = Release|Any CPU
		{B1FE9645-0579-43C9-AD7B-7DAE46C920EA}.Release|Any CPU.Build.0 = Release|Any CPU
		{777CEDF3-2147-42FB-B532-8A54D86CBCA6}.Debug|Any CPU.ActiveCfg = Debug|Any CPU
		{777CEDF3-2147-42FB-B532-8A54D86CBCA6}.Debug|Any CPU.Build.0 = Debug|Any CPU
		{777CEDF3-2147-42FB-B532-8A54D86CBCA6}.Release|Any CPU.ActiveCfg = Release|Any CPU
		{777CEDF3-2147-42FB-B532-8A54D86CBCA6}.Release|Any CPU.Build.0 = Release|Any CPU
		{6688FF4B-D4C7-46CA-9873-6DEB49E1FE1A}.Debug|Any CPU.ActiveCfg = Debug|Any CPU
		{6688FF4B-D4C7-46CA-9873-6DEB49E1FE1A}.Debug|Any CPU.Build.0 = Debug|Any CPU
		{6688FF4B-D4C7-46CA-9873-6DEB49E1FE1A}.Release|Any CPU.ActiveCfg = Release|Any CPU
		{6688FF4B-D4C7-46CA-9873-6DEB49E1FE1A}.Release|Any CPU.Build.0 = Release|Any CPU
		{73F50431-40DF-488D-9BB2-91830A85D886}.Debug|Any CPU.ActiveCfg = Debug|Any CPU
		{73F50431-40DF-488D-9BB2-91830A85D886}.Debug|Any CPU.Build.0 = Debug|Any CPU
		{73F50431-40DF-488D-9BB2-91830A85D886}.Release|Any CPU.ActiveCfg = Release|Any CPU
		{73F50431-40DF-488D-9BB2-91830A85D886}.Release|Any CPU.Build.0 = Release|Any CPU
	EndGlobalSection
	GlobalSection(SolutionProperties) = preSolution
		HideSolutionNode = FALSE
	EndGlobalSection
	GlobalSection(ExtensibilityGlobals) = postSolution
		SolutionGuid = {CFEE00AC-12D8-4199-B4BB-CCEE9D740D55}
	EndGlobalSection
EndGlobal
