
Microsoft Visual Studio Solution File, Format Version 12.00
# Visual Studio Version 16
VisualStudioVersion = 16.0.29519.181
MinimumVisualStudioVersion = 10.0.40219.1
Project("{FAE04EC0-301F-11D3-BF4B-00C04F79EFBC}") = "VilainNames", "VilainNames.csproj", "{B1FE9645-0579-43C9-AD7B-7DAE46C920EA}"
EndProject
Project("{FAE04EC0-301F-11D3-BF4B-00C04F79EFBC}") = "MinionNames", "..\MinionNames\MinionNames.csproj", "{777CEDF3-2147-42FB-B532-8A54D86CBCA6}"
EndProject
Global
	GlobalSection(SolutionConfigurationPlatforms) = preSolution
		Debug|Any CPU = Debug|Any CPU
		Release|Any CPU = Release|Any CPU
	EndGlobalSection
	GlobalSection(ProjectConfigurationPlatforms) = postSolution
		{B1FE9645-0579-43C9-AD7B-7DAE46C920EA}.Debug|Any CPU.ActiveCfg = Debug|Any CPU
		{B1FE9645-0579-43C9-AD7B-7DAE46C920EA}.Debug|Any CPU.Build.0 = Debug|Any CPU
		{B1FE9645-0579-43C9-AD7B-7DAE46C920EA}.Release|Any CPU.ActiveCfg = Release|Any CPU
		{B1FE9645-0579-43C9-AD7B-7DAE46C920EA}.Release|Any CPU.Build.0 = Release|Any CPU
		{777CEDF3-2147-42FB-B532-8A54D86CBCA6}.Debug|Any CPU.ActiveCfg = Debug|Any CPU
		{777CEDF3-2147-42FB-B532-8A54D86CBCA6}.Debug|Any CPU.Build.0 = Debug|Any CPU
		{777CEDF3-2147-42FB-B532-8A54D86CBCA6}.Release|Any CPU.ActiveCfg = Release|Any CPU
		{777CEDF3-2147-42FB-B532-8A54D86CBCA6}.Release|Any CPU.Build.0 = Release|Any CPU
	EndGlobalSection
	GlobalSection(SolutionProperties) = preSolution
		HideSolutionNode = FALSE
	EndGlobalSection
	GlobalSection(ExtensibilityGlobals) = postSolution
		SolutionGuid = {CFEE00AC-12D8-4199-B4BB-CCEE9D740D55}
	EndGlobalSection
EndGlobal
