
Microsoft Visual Studio Solution File, Format Version 12.00
# Visual Studio Version 16
VisualStudioVersion = 16.0.29519.181
MinimumVisualStudioVersion = 10.0.40219.1
Project("{9A19103F-16F7-4668-BE54-9A1E7A4F7556}") = "RecursiveArraySum", "RecursiveArraySum.csproj", "{F65194F1-E0EB-4E5D-AF70-A21963F04595}"
EndProject
Project("{9A19103F-16F7-4668-BE54-9A1E7A4F7556}") = "RecursiveDrawing", "..\RecursiveDrawing\RecursiveDrawing.csproj", "{483D51A0-C992-4337-94AB-F1B0796ECA63}"
EndProject
Project("{FAE04EC0-301F-11D3-BF4B-00C04F79EFBC}") = "RecursiveFactorial", "..\RecursiveFactorial\RecursiveFactorial.csproj", "{F2A728F0-2682-4E54-9F60-E905FC0B7B3A}"
EndProject
Project("{FAE04EC0-301F-11D3-BF4B-00C04F79EFBC}") = "0-1 Vectors", "..\0-1 Vectors\0-1 Vectors.csproj", "{0C056956-866F-4BC6-A797-50E8C5D15889}"
EndProject
Project("{FAE04EC0-301F-11D3-BF4B-00C04F79EFBC}") = "Generating Combinations", "..\Generating Combinations\Generating Combinations.csproj", "{8CA39964-EC3C-4620-AFA7-AE44DAD18248}"
EndProject
Global
	GlobalSection(SolutionConfigurationPlatforms) = preSolution
		Debug|Any CPU = Debug|Any CPU
		Release|Any CPU = Release|Any CPU
	EndGlobalSection
	GlobalSection(ProjectConfigurationPlatforms) = postSolution
		{F65194F1-E0EB-4E5D-AF70-A21963F04595}.Debug|Any CPU.ActiveCfg = Debug|Any CPU
		{F65194F1-E0EB-4E5D-AF70-A21963F04595}.Debug|Any CPU.Build.0 = Debug|Any CPU
		{F65194F1-E0EB-4E5D-AF70-A21963F04595}.Release|Any CPU.ActiveCfg = Release|Any CPU
		{F65194F1-E0EB-4E5D-AF70-A21963F04595}.Release|Any CPU.Build.0 = Release|Any CPU
		{483D51A0-C992-4337-94AB-F1B0796ECA63}.Debug|Any CPU.ActiveCfg = Debug|Any CPU
		{483D51A0-C992-4337-94AB-F1B0796ECA63}.Debug|Any CPU.Build.0 = Debug|Any CPU
		{483D51A0-C992-4337-94AB-F1B0796ECA63}.Release|Any CPU.ActiveCfg = Release|Any CPU
		{483D51A0-C992-4337-94AB-F1B0796ECA63}.Release|Any CPU.Build.0 = Release|Any CPU
		{F2A728F0-2682-4E54-9F60-E905FC0B7B3A}.Debug|Any CPU.ActiveCfg = Debug|Any CPU
		{F2A728F0-2682-4E54-9F60-E905FC0B7B3A}.Debug|Any CPU.Build.0 = Debug|Any CPU
		{F2A728F0-2682-4E54-9F60-E905FC0B7B3A}.Release|Any CPU.ActiveCfg = Release|Any CPU
		{F2A728F0-2682-4E54-9F60-E905FC0B7B3A}.Release|Any CPU.Build.0 = Release|Any CPU
		{0C056956-866F-4BC6-A797-50E8C5D15889}.Debug|Any CPU.ActiveCfg = Debug|Any CPU
		{0C056956-866F-4BC6-A797-50E8C5D15889}.Debug|Any CPU.Build.0 = Debug|Any CPU
		{0C056956-866F-4BC6-A797-50E8C5D15889}.Release|Any CPU.ActiveCfg = Release|Any CPU
		{0C056956-866F-4BC6-A797-50E8C5D15889}.Release|Any CPU.Build.0 = Release|Any CPU
		{8CA39964-EC3C-4620-AFA7-AE44DAD18248}.Debug|Any CPU.ActiveCfg = Debug|Any CPU
		{8CA39964-EC3C-4620-AFA7-AE44DAD18248}.Debug|Any CPU.Build.0 = Debug|Any CPU
		{8CA39964-EC3C-4620-AFA7-AE44DAD18248}.Release|Any CPU.ActiveCfg = Release|Any CPU
		{8CA39964-EC3C-4620-AFA7-AE44DAD18248}.Release|Any CPU.Build.0 = Release|Any CPU
	EndGlobalSection
	GlobalSection(SolutionProperties) = preSolution
		HideSolutionNode = FALSE
	EndGlobalSection
	GlobalSection(ExtensibilityGlobals) = postSolution
		SolutionGuid = {3F3776C9-228A-4075-8A28-BB2673FCEBA8}
	EndGlobalSection
EndGlobal
