
Microsoft Visual Studio Solution File, Format Version 12.00
# Visual Studio Version 16
VisualStudioVersion = 16.0.29411.108
MinimumVisualStudioVersion = 10.0.40219.1
Project("{FAE04EC0-301F-11D3-BF4B-00C04F79EFBC}") = "SpaceStationRecruitment", "SpaceStationRecruitment\SpaceStationRecruitment.csproj", "{A657452D-059B-4052-9D34-FB8620E6CB3E}"
EndProject
Project("{FAE04EC0-301F-11D3-BF4B-00C04F79EFBC}") = "SpaceStationEstablishment", "SpaceStationEstablishment\SpaceStationEstablishment.csproj", "{A1C2694B-0A31-498F-BD34-3A4A504E1A0E}"
EndProject
Project("{FAE04EC0-301F-11D3-BF4B-00C04F79EFBC}") = "SpaceShipCrafting", "SpaceShipCrafting\SpaceShipCrafting.csproj", "{C72816A5-2FFF-43A9-853F-0C464AA18518}"
EndProject
Project("{FAE04EC0-301F-11D3-BF4B-00C04F79EFBC}") = "Heroes", "Heroes\Heroes.csproj", "{FA06AC5E-910A-4D6F-B5BC-69857B59B716}"
EndProject
Project("{FAE04EC0-301F-11D3-BF4B-00C04F79EFBC}") = "ClubParty", "ClubParty\ClubParty.csproj", "{21B89E52-038F-40F2-ADDC-D9D04284F326}"
EndProject
Project("{FAE04EC0-301F-11D3-BF4B-00C04F79EFBC}") = "TronRacers", "TronRacers\TronRacers.csproj", "{CE414643-60FA-435B-812F-D241EE290709}"
EndProject
Global
	GlobalSection(SolutionConfigurationPlatforms) = preSolution
		Debug|Any CPU = Debug|Any CPU
		Release|Any CPU = Release|Any CPU
	EndGlobalSection
	GlobalSection(ProjectConfigurationPlatforms) = postSolution
		{A657452D-059B-4052-9D34-FB8620E6CB3E}.Debug|Any CPU.ActiveCfg = Debug|Any CPU
		{A657452D-059B-4052-9D34-FB8620E6CB3E}.Debug|Any CPU.Build.0 = Debug|Any CPU
		{A657452D-059B-4052-9D34-FB8620E6CB3E}.Release|Any CPU.ActiveCfg = Release|Any CPU
		{A657452D-059B-4052-9D34-FB8620E6CB3E}.Release|Any CPU.Build.0 = Release|Any CPU
		{A1C2694B-0A31-498F-BD34-3A4A504E1A0E}.Debug|Any CPU.ActiveCfg = Debug|Any CPU
		{A1C2694B-0A31-498F-BD34-3A4A504E1A0E}.Debug|Any CPU.Build.0 = Debug|Any CPU
		{A1C2694B-0A31-498F-BD34-3A4A504E1A0E}.Release|Any CPU.ActiveCfg = Release|Any CPU
		{A1C2694B-0A31-498F-BD34-3A4A504E1A0E}.Release|Any CPU.Build.0 = Release|Any CPU
		{C72816A5-2FFF-43A9-853F-0C464AA18518}.Debug|Any CPU.ActiveCfg = Debug|Any CPU
		{C72816A5-2FFF-43A9-853F-0C464AA18518}.Debug|Any CPU.Build.0 = Debug|Any CPU
		{C72816A5-2FFF-43A9-853F-0C464AA18518}.Release|Any CPU.ActiveCfg = Release|Any CPU
		{C72816A5-2FFF-43A9-853F-0C464AA18518}.Release|Any CPU.Build.0 = Release|Any CPU
		{FA06AC5E-910A-4D6F-B5BC-69857B59B716}.Debug|Any CPU.ActiveCfg = Debug|Any CPU
		{FA06AC5E-910A-4D6F-B5BC-69857B59B716}.Debug|Any CPU.Build.0 = Debug|Any CPU
		{FA06AC5E-910A-4D6F-B5BC-69857B59B716}.Release|Any CPU.ActiveCfg = Release|Any CPU
		{FA06AC5E-910A-4D6F-B5BC-69857B59B716}.Release|Any CPU.Build.0 = Release|Any CPU
		{21B89E52-038F-40F2-ADDC-D9D04284F326}.Debug|Any CPU.ActiveCfg = Debug|Any CPU
		{21B89E52-038F-40F2-ADDC-D9D04284F326}.Debug|Any CPU.Build.0 = Debug|Any CPU
		{21B89E52-038F-40F2-ADDC-D9D04284F326}.Release|Any CPU.ActiveCfg = Release|Any CPU
		{21B89E52-038F-40F2-ADDC-D9D04284F326}.Release|Any CPU.Build.0 = Release|Any CPU
		{CE414643-60FA-435B-812F-D241EE290709}.Debug|Any CPU.ActiveCfg = Debug|Any CPU
		{CE414643-60FA-435B-812F-D241EE290709}.Debug|Any CPU.Build.0 = Debug|Any CPU
		{CE414643-60FA-435B-812F-D241EE290709}.Release|Any CPU.ActiveCfg = Release|Any CPU
		{CE414643-60FA-435B-812F-D241EE290709}.Release|Any CPU.Build.0 = Release|Any CPU
	EndGlobalSection
	GlobalSection(SolutionProperties) = preSolution
		HideSolutionNode = FALSE
	EndGlobalSection
	GlobalSection(ExtensibilityGlobals) = postSolution
		SolutionGuid = {E83696B9-1F72-4F1A-B93F-648480268300}
	EndGlobalSection
EndGlobal
