
Microsoft Visual Studio Solution File, Format Version 12.00
# Visual Studio Version 16
VisualStudioVersion = 16.0.29519.181
MinimumVisualStudioVersion = 10.0.40219.1
Project("{FAE04EC0-301F-11D3-BF4B-00C04F79EFBC}") = "SoftUni", "SoftUni\SoftUni.csproj", "{5E97D524-564F-4AA1-868F-41BDF7C158A3}"
EndProject
Global
	GlobalSection(SolutionConfigurationPlatforms) = preSolution
		Debug|Any CPU = Debug|Any CPU
		Release|Any CPU = Release|Any CPU
	EndGlobalSection
	GlobalSection(ProjectConfigurationPlatforms) = postSolution
		{5E97D524-564F-4AA1-868F-41BDF7C158A3}.Debug|Any CPU.ActiveCfg = Debug|Any CPU
		{5E97D524-564F-4AA1-868F-41BDF7C158A3}.Debug|Any CPU.Build.0 = Debug|Any CPU
		{5E97D524-564F-4AA1-868F-41BDF7C158A3}.Release|Any CPU.ActiveCfg = Release|Any CPU
		{5E97D524-564F-4AA1-868F-41BDF7C158A3}.Release|Any CPU.Build.0 = Release|Any CPU
	EndGlobalSection
	GlobalSection(SolutionProperties) = preSolution
		HideSolutionNode = FALSE
	EndGlobalSection
	GlobalSection(ExtensibilityGlobals) = postSolution
		SolutionGuid = {5A58597F-EEDD-4370-9A95-0AAC0137CF02}
	EndGlobalSection
EndGlobal
